
Microsoft Visual Studio Solution File, Format Version 12.00
# Visual Studio 15
VisualStudioVersion = 15.0.28307.645
MinimumVisualStudioVersion = 10.0.40219.1
Project("{8BC9CEB8-8B4A-11D0-8D11-00A0C91BC942}") = "test", "test\test.vcxproj", "{313384C5-11D0-4C34-A34B-1E589941E606}"
EndProject
Project("{8BC9CEB8-8B4A-11D0-8D11-00A0C91BC942}") = "StreamPusher", "StreamPusher\StreamPusher.vcxproj", "{BE50A637-C6EA-4B11-AB4F-696B9BE87067}"
EndProject
Global
	GlobalSection(SolutionConfigurationPlatforms) = preSolution
		Debug|x64 = Debug|x64
		Debug|x86 = Debug|x86
		Release|x64 = Release|x64
		Release|x86 = Release|x86
	EndGlobalSection
	GlobalSection(ProjectConfigurationPlatforms) = postSolution
		{313384C5-11D0-4C34-A34B-1E589941E606}.Debug|x64.ActiveCfg = Debug|x64
		{313384C5-11D0-4C34-A34B-1E589941E606}.Debug|x64.Build.0 = Debug|x64
		{313384C5-11D0-4C34-A34B-1E589941E606}.Debug|x86.ActiveCfg = Debug|Win32
		{313384C5-11D0-4C34-A34B-1E589941E606}.Debug|x86.Build.0 = Debug|Win32
		{313384C5-11D0-4C34-A34B-1E589941E606}.Release|x64.ActiveCfg = Release|x64
		{313384C5-11D0-4C34-A34B-1E589941E606}.Release|x64.Build.0 = Release|x64
		{313384C5-11D0-4C34-A34B-1E589941E606}.Release|x86.ActiveCfg = Release|Win32
		{313384C5-11D0-4C34-A34B-1E589941E606}.Release|x86.Build.0 = Release|Win32
		{BE50A637-C6EA-4B11-AB4F-696B9BE87067}.Debug|x64.ActiveCfg = Debug|x64
		{BE50A637-C6EA-4B11-AB4F-696B9BE87067}.Debug|x64.Build.0 = Debug|x64
		{BE50A637-C6EA-4B11-AB4F-696B9BE87067}.Debug|x86.ActiveCfg = Debug|Win32
		{BE50A637-C6EA-4B11-AB4F-696B9BE87067}.Debug|x86.Build.0 = Debug|Win32
		{BE50A637-C6EA-4B11-AB4F-696B9BE87067}.Release|x64.ActiveCfg = Release|x64
		{BE50A637-C6EA-4B11-AB4F-696B9BE87067}.Release|x64.Build.0 = Release|x64
		{BE50A637-C6EA-4B11-AB4F-696B9BE87067}.Release|x86.ActiveCfg = Release|Win32
		{BE50A637-C6EA-4B11-AB4F-696B9BE87067}.Release|x86.Build.0 = Release|Win32
	EndGlobalSection
	GlobalSection(SolutionProperties) = preSolution
		HideSolutionNode = FALSE
	EndGlobalSection
	GlobalSection(ExtensibilityGlobals) = postSolution
		SolutionGuid = {CD4C696B-5E87-4C17-9513-6D68464649B3}
	EndGlobalSection
EndGlobal
