<?xml version="1.0" encoding="utf-8"?>
<Project ToolsVersion="4.0" xmlns="http://schemas.microsoft.com/developer/msbuild/2003">
  <ItemGroup>
    <ClCompile Include="core\sp_log.c" />
    <ClCompile Include="core\sp_rbtree.c" />
    <ClCompile Include="core\sp_string.c" />
    <ClCompile Include="core\sp_times.c" />
    <ClCompile Include="core\win_alloc.c" />
    <ClCompile Include="core\win_errno.c" />
    <ClCompile Include="core\win_files.c" />
    <ClCompile Include="core\win_time.c" />
    <ClCompile Include="StreamPusher.cpp" />
    <ClCompile Include="core\win_event_log.c" />
    <ClCompile Include="ffmpeg\ShowDevices.cpp" />
  </ItemGroup>
  <ItemGroup>
    <ClInclude Include="core\local_config.h" />
    <ClInclude Include="core\sp_conf_file.h" />
    <ClInclude Include="core\sp_log.h" />
    <ClInclude Include="core\sp_rbtree.h" />
    <ClInclude Include="core\sp_string.h" />
    <ClInclude Include="core\sp_times.h" />
    <ClInclude Include="core\win_alloc.h" />
    <ClInclude Include="core\win_atomic.h" />
    <ClInclude Include="core\win_config.h" />
    <ClInclude Include="core\export.h" />
    <ClInclude Include="core\sp_core.h" />
    <ClInclude Include="core\win_errno.h" />
    <ClInclude Include="core\win_files.h" />
    <ClInclude Include="core\win_time.h" />
    <ClInclude Include="core\win_os.h" />
    <ClInclude Include="core\sp_process.h" />
    <ClInclude Include="ffmpeg\ShowDevices.h" />
    <ClInclude Include="ffmpeg\export.h" />
    <ClInclude Include="ffmpeg\ffmpegHeader.h" />
  </ItemGroup>
  <ItemGroup>
    <None Include="dll\avdevice-58.dll" />
    <None Include="dll\avfilter-7.dll" />
    <None Include="dll\avformat-58.dll" />
    <None Include="dll\avutil-56.dll" />
    <None Include="dll\postproc-55.dll" />
    <None Include="dll\swresample-3.dll" />
    <None Include="dll\swscale-5.dll" />
    <None Include="dll\avcodec-58.dll" />
  </ItemGroup>
</Project>